
Microsoft Visual Studio Solution File, Format Version 12.00
Project("{FAE04EC0-301F-11D3-BF4B-00C04F79EFBC}") = "Vinotory.Api", "Vinotory.Api\Vinotory.Api.csproj", "{511249CD-FA69-45AB-ACEA-219A29962C71}"
EndProject
Project("{2150E333-8FDC-42A3-9474-1A3956D46DE8}") = "lib", "lib", "{101DDA9B-5F2C-437A-887E-19BD47E9259F}"
EndProject
Project("{FAE04EC0-301F-11D3-BF4B-00C04F79EFBC}") = "MxInfo.Library", "lib\MxInfo.Library\MxInfo.Library.csproj", "{2FF78300-E0CE-41F5-9D0B-A356EBFBD35C}"
EndProject
Global
	GlobalSection(SolutionConfigurationPlatforms) = preSolution
		Debug|Any CPU = Debug|Any CPU
		Release|Any CPU = Release|Any CPU
	EndGlobalSection
	GlobalSection(ProjectConfigurationPlatforms) = postSolution
		{511249CD-FA69-45AB-ACEA-219A29962C71}.Debug|Any CPU.ActiveCfg = Debug|Any CPU
		{511249CD-FA69-45AB-ACEA-219A29962C71}.Debug|Any CPU.Build.0 = Debug|Any CPU
		{511249CD-FA69-45AB-ACEA-219A29962C71}.Release|Any CPU.ActiveCfg = Release|Any CPU
		{511249CD-FA69-45AB-ACEA-219A29962C71}.Release|Any CPU.Build.0 = Release|Any CPU
		{2FF78300-E0CE-41F5-9D0B-A356EBFBD35C}.Debug|Any CPU.ActiveCfg = Debug|Any CPU
		{2FF78300-E0CE-41F5-9D0B-A356EBFBD35C}.Debug|Any CPU.Build.0 = Debug|Any CPU
		{2FF78300-E0CE-41F5-9D0B-A356EBFBD35C}.Release|Any CPU.ActiveCfg = Release|Any CPU
		{2FF78300-E0CE-41F5-9D0B-A356EBFBD35C}.Release|Any CPU.Build.0 = Release|Any CPU
	EndGlobalSection
	GlobalSection(NestedProjects) = preSolution
		{2FF78300-E0CE-41F5-9D0B-A356EBFBD35C} = {101DDA9B-5F2C-437A-887E-19BD47E9259F}
	EndGlobalSection
EndGlobal
